{
  "name": "@rescripts/rescript-env",
  "version": "0.0.14",
  "lockfileVersion": 1,
  "requires": true,
  "dependencies": {
    "ramda": {
      "version": "0.26.1",
      "resolved": "https://registry.npmjs.org/ramda/-/ramda-0.26.1.tgz",
      "integrity": "sha512-hLWjpy7EnsDBb0p+Z3B7rPi3GDeRG5ZtiI33kJhTt+ORCd38AbAIjB/9zRIUoeTbE/AVX5ZkU7m6bznsvrf8eQ=="
    }
  }
}
